
Microsoft Visual Studio Solution File, Format Version 12.00
# Visual Studio 15
VisualStudioVersion = 15.0.27703.2042
MinimumVisualStudioVersion = 10.0.40219.1
Project("{151D2E53-A2C4-4D7D-83FE-D05416EBD58E}") = "IAC_VM_Manager", "IAC_VM_Manager\IAC_VM_Manager.deployproj", "{64D54CB2-D33F-453E-AB8B-5D736E844077}"
EndProject
Global
	GlobalSection(SolutionConfigurationPlatforms) = preSolution
		Debug|Any CPU = Debug|Any CPU
		Release|Any CPU = Release|Any CPU
	EndGlobalSection
	GlobalSection(ProjectConfigurationPlatforms) = postSolution
		{64D54CB2-D33F-453E-AB8B-5D736E844077}.Debug|Any CPU.ActiveCfg = Debug|Any CPU
		{64D54CB2-D33F-453E-AB8B-5D736E844077}.Debug|Any CPU.Build.0 = Debug|Any CPU
		{64D54CB2-D33F-453E-AB8B-5D736E844077}.Release|Any CPU.ActiveCfg = Release|Any CPU
		{64D54CB2-D33F-453E-AB8B-5D736E844077}.Release|Any CPU.Build.0 = Release|Any CPU
	EndGlobalSection
	GlobalSection(SolutionProperties) = preSolution
		HideSolutionNode = FALSE
	EndGlobalSection
	GlobalSection(ExtensibilityGlobals) = postSolution
		SolutionGuid = {BCBE6F2D-DD39-4099-A380-9022C75109E7}
	EndGlobalSection
EndGlobal
